<?xml version="1.0" encoding="utf-8"?>
<Project ToolsVersion="15.0" xmlns="http://schemas.microsoft.com/developer/msbuild/2003">
  <ItemGroup>
    <ClCompile Include="D:\project\LearnOpenGL\src\1.getting_started\1.1.hello_window\hello_window.cpp">
      <Filter>Source Files</Filter>
    </ClCompile>
  </ItemGroup>
  <ItemGroup>
    <CustomBuild Include="D:\project\LearnOpenGL\CMakeLists.txt" />
  </ItemGroup>
  <ItemGroup>
    <Filter Include="Source Files">
      <UniqueIdentifier>{C2BD19F8-0F81-3BD6-A6AA-E5DAC20A7359}</UniqueIdentifier>
    </Filter>
  </ItemGroup>
</Project>
